
Microsoft Visual Studio Solution File, Format Version 12.00
# Visual Studio 15
VisualStudioVersion = 15.0.27703.2035
MinimumVisualStudioVersion = 10.0.40219.1
Project("{FAE04EC0-301F-11D3-BF4B-00C04F79EFBC}") = "ProbitymmAPI", "ProbitymmAPI\ProbitymmAPI.csproj", "{536B2A60-2914-46FE-8FC8-ECE57C5AE6CE}"
EndProject
Global
	GlobalSection(SolutionConfigurationPlatforms) = preSolution
		Debug|Any CPU = Debug|Any CPU
		Release|Any CPU = Release|Any CPU
	EndGlobalSection
	GlobalSection(ProjectConfigurationPlatforms) = postSolution
		{536B2A60-2914-46FE-8FC8-ECE57C5AE6CE}.Debug|Any CPU.ActiveCfg = Debug|Any CPU
		{536B2A60-2914-46FE-8FC8-ECE57C5AE6CE}.Debug|Any CPU.Build.0 = Debug|Any CPU
		{536B2A60-2914-46FE-8FC8-ECE57C5AE6CE}.Release|Any CPU.ActiveCfg = Release|Any CPU
		{536B2A60-2914-46FE-8FC8-ECE57C5AE6CE}.Release|Any CPU.Build.0 = Release|Any CPU
	EndGlobalSection
	GlobalSection(SolutionProperties) = preSolution
		HideSolutionNode = FALSE
	EndGlobalSection
	GlobalSection(ExtensibilityGlobals) = postSolution
		SolutionGuid = {12EE552A-F46F-4D4B-A96A-E0E1BA67E4C0}
	EndGlobalSection
EndGlobal
